
Microsoft Visual Studio Solution File, Format Version 12.00
# Visual Studio Version 16
VisualStudioVersion = 16.0.29519.181
MinimumVisualStudioVersion = 10.0.40219.1
Project("{9A19103F-16F7-4668-BE54-9A1E7A4F7556}") = "CodeKata.MarsRover", "CodeKata\MarsRover\CodeKata.MarsRover\CodeKata.MarsRover.csproj", "{BFF1AEAE-8A09-4249-9FAB-471B95B640B1}"
EndProject
Project("{9A19103F-16F7-4668-BE54-9A1E7A4F7556}") = "CleanCode.CodeKata.MultiCurrency", "CodeKata\MultiCurrency\CleanCode.CodeKata.MultiCurrency\CleanCode.CodeKata.MultiCurrency.csproj", "{F3081CA1-95C9-421A-8C1A-4B6EC32FD097}"
EndProject
Project("{2150E333-8FDC-42A3-9474-1A3956D46DE8}") = "CodeKata", "CodeKata", "{6757FA43-A76A-47A7-AE41-7E86E6CE52B4}"
EndProject
Global
	GlobalSection(SolutionConfigurationPlatforms) = preSolution
		Debug|Any CPU = Debug|Any CPU
		Release|Any CPU = Release|Any CPU
	EndGlobalSection
	GlobalSection(ProjectConfigurationPlatforms) = postSolution
		{BFF1AEAE-8A09-4249-9FAB-471B95B640B1}.Debug|Any CPU.ActiveCfg = Debug|Any CPU
		{BFF1AEAE-8A09-4249-9FAB-471B95B640B1}.Debug|Any CPU.Build.0 = Debug|Any CPU
		{BFF1AEAE-8A09-4249-9FAB-471B95B640B1}.Release|Any CPU.ActiveCfg = Release|Any CPU
		{BFF1AEAE-8A09-4249-9FAB-471B95B640B1}.Release|Any CPU.Build.0 = Release|Any CPU
		{F3081CA1-95C9-421A-8C1A-4B6EC32FD097}.Debug|Any CPU.ActiveCfg = Debug|Any CPU
		{F3081CA1-95C9-421A-8C1A-4B6EC32FD097}.Debug|Any CPU.Build.0 = Debug|Any CPU
		{F3081CA1-95C9-421A-8C1A-4B6EC32FD097}.Release|Any CPU.ActiveCfg = Release|Any CPU
		{F3081CA1-95C9-421A-8C1A-4B6EC32FD097}.Release|Any CPU.Build.0 = Release|Any CPU
	EndGlobalSection
	GlobalSection(SolutionProperties) = preSolution
		HideSolutionNode = FALSE
	EndGlobalSection
	GlobalSection(NestedProjects) = preSolution
		{BFF1AEAE-8A09-4249-9FAB-471B95B640B1} = {6757FA43-A76A-47A7-AE41-7E86E6CE52B4}
		{F3081CA1-95C9-421A-8C1A-4B6EC32FD097} = {6757FA43-A76A-47A7-AE41-7E86E6CE52B4}
	EndGlobalSection
	GlobalSection(ExtensibilityGlobals) = postSolution
		SolutionGuid = {3EDD509C-C281-49C1-A1EE-E46F223BBA78}
	EndGlobalSection
EndGlobal
